
Microsoft Visual Studio Solution File, Format Version 12.00
# Visual Studio Version 16
VisualStudioVersion = 16.0.28803.156
MinimumVisualStudioVersion = 10.0.40219.1
Project("{8BC9CEB8-8B4A-11D0-8D11-00A0C91BC942}") = "VirtualMachine", "VirtualMachine\VirtualMachine.vcxproj", "{77404ABC-1A54-4EA5-872E-472BCF1BF6BA}"
EndProject
Project("{8BC9CEB8-8B4A-11D0-8D11-00A0C91BC942}") = "Lib", "Lib\Lib.vcxproj", "{78107A04-595E-4C6C-9FA6-28BA0F3B47E3}"
EndProject
Project("{8BC9CEB8-8B4A-11D0-8D11-00A0C91BC942}") = "Compiler", "Compiler\Compiler.vcxproj", "{15B322B5-1AC1-4AC6-B50F-BA8250B879C1}"
EndProject
Project("{8BC9CEB8-8B4A-11D0-8D11-00A0C91BC942}") = "VirtualClass", "VirtualClass\VirtualClass.vcxproj", "{CBFFED17-A9E4-4571-BA51-EC81DAD13F9F}"
EndProject
Global
	GlobalSection(SolutionConfigurationPlatforms) = preSolution
		Debug|x64 = Debug|x64
		Debug|x86 = Debug|x86
		Release|x64 = Release|x64
		Release|x86 = Release|x86
	EndGlobalSection
	GlobalSection(ProjectConfigurationPlatforms) = postSolution
		{77404ABC-1A54-4EA5-872E-472BCF1BF6BA}.Debug|x64.ActiveCfg = Debug|x64
		{77404ABC-1A54-4EA5-872E-472BCF1BF6BA}.Debug|x64.Build.0 = Debug|x64
		{77404ABC-1A54-4EA5-872E-472BCF1BF6BA}.Debug|x86.ActiveCfg = Debug|Win32
		{77404ABC-1A54-4EA5-872E-472BCF1BF6BA}.Debug|x86.Build.0 = Debug|Win32
		{77404ABC-1A54-4EA5-872E-472BCF1BF6BA}.Release|x64.ActiveCfg = Release|x64
		{77404ABC-1A54-4EA5-872E-472BCF1BF6BA}.Release|x64.Build.0 = Release|x64
		{77404ABC-1A54-4EA5-872E-472BCF1BF6BA}.Release|x86.ActiveCfg = Release|Win32
		{77404ABC-1A54-4EA5-872E-472BCF1BF6BA}.Release|x86.Build.0 = Release|Win32
		{78107A04-595E-4C6C-9FA6-28BA0F3B47E3}.Debug|x64.ActiveCfg = Debug|x64
		{78107A04-595E-4C6C-9FA6-28BA0F3B47E3}.Debug|x64.Build.0 = Debug|x64
		{78107A04-595E-4C6C-9FA6-28BA0F3B47E3}.Debug|x86.ActiveCfg = Debug|Win32
		{78107A04-595E-4C6C-9FA6-28BA0F3B47E3}.Debug|x86.Build.0 = Debug|Win32
		{78107A04-595E-4C6C-9FA6-28BA0F3B47E3}.Release|x64.ActiveCfg = Release|x64
		{78107A04-595E-4C6C-9FA6-28BA0F3B47E3}.Release|x64.Build.0 = Release|x64
		{78107A04-595E-4C6C-9FA6-28BA0F3B47E3}.Release|x86.ActiveCfg = Release|Win32
		{78107A04-595E-4C6C-9FA6-28BA0F3B47E3}.Release|x86.Build.0 = Release|Win32
		{15B322B5-1AC1-4AC6-B50F-BA8250B879C1}.Debug|x64.ActiveCfg = Debug|x64
		{15B322B5-1AC1-4AC6-B50F-BA8250B879C1}.Debug|x64.Build.0 = Debug|x64
		{15B322B5-1AC1-4AC6-B50F-BA8250B879C1}.Debug|x86.ActiveCfg = Debug|Win32
		{15B322B5-1AC1-4AC6-B50F-BA8250B879C1}.Debug|x86.Build.0 = Debug|Win32
		{15B322B5-1AC1-4AC6-B50F-BA8250B879C1}.Release|x64.ActiveCfg = Release|x64
		{15B322B5-1AC1-4AC6-B50F-BA8250B879C1}.Release|x64.Build.0 = Release|x64
		{15B322B5-1AC1-4AC6-B50F-BA8250B879C1}.Release|x86.ActiveCfg = Release|Win32
		{15B322B5-1AC1-4AC6-B50F-BA8250B879C1}.Release|x86.Build.0 = Release|Win32
		{CBFFED17-A9E4-4571-BA51-EC81DAD13F9F}.Debug|x64.ActiveCfg = Debug|x64
		{CBFFED17-A9E4-4571-BA51-EC81DAD13F9F}.Debug|x64.Build.0 = Debug|x64
		{CBFFED17-A9E4-4571-BA51-EC81DAD13F9F}.Debug|x86.ActiveCfg = Debug|Win32
		{CBFFED17-A9E4-4571-BA51-EC81DAD13F9F}.Debug|x86.Build.0 = Debug|Win32
		{CBFFED17-A9E4-4571-BA51-EC81DAD13F9F}.Release|x64.ActiveCfg = Release|x64
		{CBFFED17-A9E4-4571-BA51-EC81DAD13F9F}.Release|x64.Build.0 = Release|x64
		{CBFFED17-A9E4-4571-BA51-EC81DAD13F9F}.Release|x86.ActiveCfg = Release|Win32
		{CBFFED17-A9E4-4571-BA51-EC81DAD13F9F}.Release|x86.Build.0 = Release|Win32
	EndGlobalSection
	GlobalSection(SolutionProperties) = preSolution
		HideSolutionNode = FALSE
	EndGlobalSection
	GlobalSection(ExtensibilityGlobals) = postSolution
		SolutionGuid = {F7FCC5FE-DBF3-42B7-8571-5AABB34607FE}
	EndGlobalSection
EndGlobal
